
Microsoft Visual Studio Solution File, Format Version 12.00
# Visual Studio 15
VisualStudioVersion = 15.0.27130.2010
MinimumVisualStudioVersion = 10.0.40219.1
Project("{FAE04EC0-301F-11D3-BF4B-00C04F79EFBC}") = "web", "web\web.csproj", "{1491DFF7-6EDC-4620-914E-F3D3D313D641}"
EndProject
Global
	GlobalSection(SolutionConfigurationPlatforms) = preSolution
		Debug|Any CPU = Debug|Any CPU
		Release|Any CPU = Release|Any CPU
	EndGlobalSection
	GlobalSection(ProjectConfigurationPlatforms) = postSolution
		{1491DFF7-6EDC-4620-914E-F3D3D313D641}.Debug|Any CPU.ActiveCfg = Debug|Any CPU
		{1491DFF7-6EDC-4620-914E-F3D3D313D641}.Debug|Any CPU.Build.0 = Debug|Any CPU
		{1491DFF7-6EDC-4620-914E-F3D3D313D641}.Release|Any CPU.ActiveCfg = Release|Any CPU
		{1491DFF7-6EDC-4620-914E-F3D3D313D641}.Release|Any CPU.Build.0 = Release|Any CPU
	EndGlobalSection
	GlobalSection(SolutionProperties) = preSolution
		HideSolutionNode = FALSE
	EndGlobalSection
	GlobalSection(ExtensibilityGlobals) = postSolution
		SolutionGuid = {724AC37A-586F-4465-9A31-BB63902B35A1}
	EndGlobalSection
EndGlobal
